// !$*UTF8*$!
{
	archiveVersion = 1;
	classes = {
	};
	objectVersion = 56;
	objects = {

/* Begin PBXBuildFile section */
		3001BC4C291244200069C2FD /* HTTPMethod.swift in Sources */ = {isa = PBXBuildFile; fileRef = 3001BC4B291244200069C2FD /* HTTPMethod.swift */; };
		3001BC4E291244820069C2FD /* NetworkError.swift in Sources */ = {isa = PBXBuildFile; fileRef = 3001BC4D291244820069C2FD /* NetworkError.swift */; };
		3001BC50291244D70069C2FD /* Requestable.swift in Sources */ = {isa = PBXBuildFile; fileRef = 3001BC4F291244D70069C2FD /* Requestable.swift */; };
		3001BC532912452A0069C2FD /* Encodable+Sugar.swift in Sources */ = {isa = PBXBuildFile; fileRef = 3001BC522912452A0069C2FD /* Encodable+Sugar.swift */; };
		3001BC562912454B0069C2FD /* Json.swift in Sources */ = {isa = PBXBuildFile; fileRef = 3001BC552912454B0069C2FD /* Json.swift */; };
		3001BC582912463F0069C2FD /* Endpoint.swift in Sources */ = {isa = PBXBuildFile; fileRef = 3001BC572912463F0069C2FD /* Endpoint.swift */; };
		3001BC5A291246790069C2FD /* EndpointStrage.swift in Sources */ = {isa = PBXBuildFile; fileRef = 3001BC59291246790069C2FD /* EndpointStrage.swift */; };
		3001BC5F291249460069C2FD /* CenterInformation.swift in Sources */ = {isa = PBXBuildFile; fileRef = 3001BC5E291249460069C2FD /* CenterInformation.swift */; };
		3001BC6129124B420069C2FD /* CenterRequest.swift in Sources */ = {isa = PBXBuildFile; fileRef = 3001BC6029124B420069C2FD /* CenterRequest.swift */; };
		3001BC6329124CFF0069C2FD /* CovidInoculationCenterInfo.plist in Resources */ = {isa = PBXBuildFile; fileRef = 3001BC6229124CFF0069C2FD /* CovidInoculationCenterInfo.plist */; };
		3001BC6529124D880069C2FD /* Bundle+Sugar.swift in Sources */ = {isa = PBXBuildFile; fileRef = 3001BC6429124D880069C2FD /* Bundle+Sugar.swift */; };
		3001BC67291252040069C2FD /* NetworkManager.swift in Sources */ = {isa = PBXBuildFile; fileRef = 3001BC66291252040069C2FD /* NetworkManager.swift */; };
		3001BC6A291253160069C2FD /* CovidCinoculationCenterRepository.swift in Sources */ = {isa = PBXBuildFile; fileRef = 3001BC69291253160069C2FD /* CovidCinoculationCenterRepository.swift */; };
		3001BC6E2912542C0069C2FD /* CovidInoculationCenterRepositoryProtocol.swift in Sources */ = {isa = PBXBuildFile; fileRef = 3001BC6D2912542C0069C2FD /* CovidInoculationCenterRepositoryProtocol.swift */; };
		304D15F629123F2F000C47CC /* AppDelegate.swift in Sources */ = {isa = PBXBuildFile; fileRef = 304D15F529123F2F000C47CC /* AppDelegate.swift */; };
		304D15F829123F2F000C47CC /* SceneDelegate.swift in Sources */ = {isa = PBXBuildFile; fileRef = 304D15F729123F2F000C47CC /* SceneDelegate.swift */; };
		304D15FF29123F30000C47CC /* Assets.xcassets in Resources */ = {isa = PBXBuildFile; fileRef = 304D15FE29123F30000C47CC /* Assets.xcassets */; };
		304D160229123F30000C47CC /* LaunchScreen.storyboard in Resources */ = {isa = PBXBuildFile; fileRef = 304D160029123F30000C47CC /* LaunchScreen.storyboard */; };
		304D160D29123F30000C47CC /* Covid_inoculation_centerTests.swift in Sources */ = {isa = PBXBuildFile; fileRef = 304D160C29123F30000C47CC /* Covid_inoculation_centerTests.swift */; };
		304D161729123F30000C47CC /* Covid_inoculation_centerUITests.swift in Sources */ = {isa = PBXBuildFile; fileRef = 304D161629123F30000C47CC /* Covid_inoculation_centerUITests.swift */; };
		304D161929123F30000C47CC /* Covid_inoculation_centerUITestsLaunchTests.swift in Sources */ = {isa = PBXBuildFile; fileRef = 304D161829123F30000C47CC /* Covid_inoculation_centerUITestsLaunchTests.swift */; };
		304D162C29123FB8000C47CC /* SnapKit in Frameworks */ = {isa = PBXBuildFile; productRef = 304D162B29123FB8000C47CC /* SnapKit */; };
		304D162F29123FEC000C47CC /* RxCocoa in Frameworks */ = {isa = PBXBuildFile; productRef = 304D162E29123FEC000C47CC /* RxCocoa */; };
		304D163129123FEC000C47CC /* RxRelay in Frameworks */ = {isa = PBXBuildFile; productRef = 304D163029123FEC000C47CC /* RxRelay */; };
/* End PBXBuildFile section */

/* Begin PBXContainerItemProxy section */
		304D160929123F30000C47CC /* PBXContainerItemProxy */ = {
			isa = PBXContainerItemProxy;
			containerPortal = 304D15EA29123F2F000C47CC /* Project object */;
			proxyType = 1;
			remoteGlobalIDString = 304D15F129123F2F000C47CC;
			remoteInfo = "Covid inoculation center";
		};
		304D161329123F30000C47CC /* PBXContainerItemProxy */ = {
			isa = PBXContainerItemProxy;
			containerPortal = 304D15EA29123F2F000C47CC /* Project object */;
			proxyType = 1;
			remoteGlobalIDString = 304D15F129123F2F000C47CC;
			remoteInfo = "Covid inoculation center";
		};
/* End PBXContainerItemProxy section */

/* Begin PBXFileReference section */
		3001BC4B291244200069C2FD /* HTTPMethod.swift */ = {isa = PBXFileReference; lastKnownFileType = sourcecode.swift; path = HTTPMethod.swift; sourceTree = "<group>"; };
		3001BC4D291244820069C2FD /* NetworkError.swift */ = {isa = PBXFileReference; lastKnownFileType = sourcecode.swift; path = NetworkError.swift; sourceTree = "<group>"; };
		3001BC4F291244D70069C2FD /* Requestable.swift */ = {isa = PBXFileReference; lastKnownFileType = sourcecode.swift; path = Requestable.swift; sourceTree = "<group>"; };
		3001BC522912452A0069C2FD /* Encodable+Sugar.swift */ = {isa = PBXFileReference; lastKnownFileType = sourcecode.swift; path = "Encodable+Sugar.swift"; sourceTree = "<group>"; };
		3001BC552912454B0069C2FD /* Json.swift */ = {isa = PBXFileReference; lastKnownFileType = sourcecode.swift; path = Json.swift; sourceTree = "<group>"; };
		3001BC572912463F0069C2FD /* Endpoint.swift */ = {isa = PBXFileReference; lastKnownFileType = sourcecode.swift; path = Endpoint.swift; sourceTree = "<group>"; };
		3001BC59291246790069C2FD /* EndpointStrage.swift */ = {isa = PBXFileReference; lastKnownFileType = sourcecode.swift; path = EndpointStrage.swift; sourceTree = "<group>"; };
		3001BC5E291249460069C2FD /* CenterInformation.swift */ = {isa = PBXFileReference; lastKnownFileType = sourcecode.swift; path = CenterInformation.swift; sourceTree = "<group>"; };
		3001BC6029124B420069C2FD /* CenterRequest.swift */ = {isa = PBXFileReference; lastKnownFileType = sourcecode.swift; path = CenterRequest.swift; sourceTree = "<group>"; };
		3001BC6229124CFF0069C2FD /* CovidInoculationCenterInfo.plist */ = {isa = PBXFileReference; lastKnownFileType = text.plist.xml; path = CovidInoculationCenterInfo.plist; sourceTree = "<group>"; };
		3001BC6429124D880069C2FD /* Bundle+Sugar.swift */ = {isa = PBXFileReference; lastKnownFileType = sourcecode.swift; path = "Bundle+Sugar.swift"; sourceTree = "<group>"; };
		3001BC66291252040069C2FD /* NetworkManager.swift */ = {isa = PBXFileReference; lastKnownFileType = sourcecode.swift; path = NetworkManager.swift; sourceTree = "<group>"; };
		3001BC69291253160069C2FD /* CovidCinoculationCenterRepository.swift */ = {isa = PBXFileReference; lastKnownFileType = sourcecode.swift; path = CovidCinoculationCenterRepository.swift; sourceTree = "<group>"; };
		3001BC6D2912542C0069C2FD /* CovidInoculationCenterRepositoryProtocol.swift */ = {isa = PBXFileReference; lastKnownFileType = sourcecode.swift; path = CovidInoculationCenterRepositoryProtocol.swift; sourceTree = "<group>"; };
		304D15F229123F2F000C47CC /* Covid inoculation center.app */ = {isa = PBXFileReference; explicitFileType = wrapper.application; includeInIndex = 0; path = "Covid inoculation center.app"; sourceTree = BUILT_PRODUCTS_DIR; };
		304D15F529123F2F000C47CC /* AppDelegate.swift */ = {isa = PBXFileReference; lastKnownFileType = sourcecode.swift; path = AppDelegate.swift; sourceTree = "<group>"; };
		304D15F729123F2F000C47CC /* SceneDelegate.swift */ = {isa = PBXFileReference; lastKnownFileType = sourcecode.swift; path = SceneDelegate.swift; sourceTree = "<group>"; };
		304D15FE29123F30000C47CC /* Assets.xcassets */ = {isa = PBXFileReference; lastKnownFileType = folder.assetcatalog; path = Assets.xcassets; sourceTree = "<group>"; };
		304D160129123F30000C47CC /* Base */ = {isa = PBXFileReference; lastKnownFileType = file.storyboard; name = Base; path = Base.lproj/LaunchScreen.storyboard; sourceTree = "<group>"; };
		304D160329123F30000C47CC /* Info.plist */ = {isa = PBXFileReference; lastKnownFileType = text.plist.xml; path = Info.plist; sourceTree = "<group>"; };
		304D160829123F30000C47CC /* Covid inoculation centerTests.xctest */ = {isa = PBXFileReference; explicitFileType = wrapper.cfbundle; includeInIndex = 0; path = "Covid inoculation centerTests.xctest"; sourceTree = BUILT_PRODUCTS_DIR; };
		304D160C29123F30000C47CC /* Covid_inoculation_centerTests.swift */ = {isa = PBXFileReference; lastKnownFileType = sourcecode.swift; path = Covid_inoculation_centerTests.swift; sourceTree = "<group>"; };
		304D161229123F30000C47CC /* Covid inoculation centerUITests.xctest */ = {isa = PBXFileReference; explicitFileType = wrapper.cfbundle; includeInIndex = 0; path = "Covid inoculation centerUITests.xctest"; sourceTree = BUILT_PRODUCTS_DIR; };
		304D161629123F30000C47CC /* Covid_inoculation_centerUITests.swift */ = {isa = PBXFileReference; lastKnownFileType = sourcecode.swift; path = Covid_inoculation_centerUITests.swift; sourceTree = "<group>"; };
		304D161829123F30000C47CC /* Covid_inoculation_centerUITestsLaunchTests.swift */ = {isa = PBXFileReference; lastKnownFileType = sourcecode.swift; path = Covid_inoculation_centerUITestsLaunchTests.swift; sourceTree = "<group>"; };
/* End PBXFileReference section */

/* Begin PBXFrameworksBuildPhase section */
		304D15EF29123F2F000C47CC /* Frameworks */ = {
			isa = PBXFrameworksBuildPhase;
			buildActionMask = 2147483647;
			files = (
				304D163129123FEC000C47CC /* RxRelay in Frameworks */,
				304D162F29123FEC000C47CC /* RxCocoa in Frameworks */,
				304D162C29123FB8000C47CC /* SnapKit in Frameworks */,
			);
			runOnlyForDeploymentPostprocessing = 0;
		};
		304D160529123F30000C47CC /* Frameworks */ = {
			isa = PBXFrameworksBuildPhase;
			buildActionMask = 2147483647;
			files = (
			);
			runOnlyForDeploymentPostprocessing = 0;
		};
		304D160F29123F30000C47CC /* Frameworks */ = {
			isa = PBXFrameworksBuildPhase;
			buildActionMask = 2147483647;
			files = (
			);
			runOnlyForDeploymentPostprocessing = 0;
		};
/* End PBXFrameworksBuildPhase section */

/* Begin PBXGroup section */
		3001BC4A291243E30069C2FD /* NetworkManager */ = {
			isa = PBXGroup;
			children = (
				3001BC4B291244200069C2FD /* HTTPMethod.swift */,
				3001BC66291252040069C2FD /* NetworkManager.swift */,
				3001BC4D291244820069C2FD /* NetworkError.swift */,
				3001BC4F291244D70069C2FD /* Requestable.swift */,
				3001BC572912463F0069C2FD /* Endpoint.swift */,
				3001BC59291246790069C2FD /* EndpointStrage.swift */,
			);
			path = NetworkManager;
			sourceTree = "<group>";
		};
		3001BC51291245190069C2FD /* Extension */ = {
			isa = PBXGroup;
			children = (
				3001BC6429124D880069C2FD /* Bundle+Sugar.swift */,
				3001BC522912452A0069C2FD /* Encodable+Sugar.swift */,
			);
			path = Extension;
			sourceTree = "<group>";
		};
		3001BC542912453F0069C2FD /* Singletone */ = {
			isa = PBXGroup;
			children = (
				3001BC552912454B0069C2FD /* Json.swift */,
			);
			path = Singletone;
			sourceTree = "<group>";
		};
		3001BC5D291249390069C2FD /* Entity */ = {
			isa = PBXGroup;
			children = (
				3001BC5E291249460069C2FD /* CenterInformation.swift */,
				3001BC6029124B420069C2FD /* CenterRequest.swift */,
			);
			path = Entity;
			sourceTree = "<group>";
		};
		3001BC68291252DD0069C2FD /* Respository */ = {
			isa = PBXGroup;
			children = (
				3001BC69291253160069C2FD /* CovidCinoculationCenterRepository.swift */,
			);
			path = Respository;
			sourceTree = "<group>";
		};
		3001BC6B291254060069C2FD /* Interfaces */ = {
			isa = PBXGroup;
			children = (
				3001BC6D2912542C0069C2FD /* CovidInoculationCenterRepositoryProtocol.swift */,
			);
			path = Interfaces;
			sourceTree = "<group>";
		};
		3001BC6C291254100069C2FD /* UseCase */ = {
			isa = PBXGroup;
			children = (
			);
			path = UseCase;
			sourceTree = "<group>";
		};
		304D15E929123F2F000C47CC = {
			isa = PBXGroup;
			children = (
				304D15F429123F2F000C47CC /* Covid inoculation center */,
				304D160B29123F30000C47CC /* Covid inoculation centerTests */,
				304D161529123F30000C47CC /* Covid inoculation centerUITests */,
				304D15F329123F2F000C47CC /* Products */,
			);
			sourceTree = "<group>";
		};
		304D15F329123F2F000C47CC /* Products */ = {
			isa = PBXGroup;
			children = (
				304D15F229123F2F000C47CC /* Covid inoculation center.app */,
				304D160829123F30000C47CC /* Covid inoculation centerTests.xctest */,
				304D161229123F30000C47CC /* Covid inoculation centerUITests.xctest */,
			);
			name = Products;
			sourceTree = "<group>";
		};
		304D15F429123F2F000C47CC /* Covid inoculation center */ = {
			isa = PBXGroup;
			children = (
				304D160329123F30000C47CC /* Info.plist */,
				3001BC6229124CFF0069C2FD /* CovidInoculationCenterInfo.plist */,
				304D16342912400A000C47CC /* Application */,
				304D163329124000000C47CC /* Resource */,
				304D163229123FF8000C47CC /* Sources */,
			);
			path = "Covid inoculation center";
			sourceTree = "<group>";
		};
		304D160B29123F30000C47CC /* Covid inoculation centerTests */ = {
			isa = PBXGroup;
			children = (
				304D160C29123F30000C47CC /* Covid_inoculation_centerTests.swift */,
			);
			path = "Covid inoculation centerTests";
			sourceTree = "<group>";
		};
		304D161529123F30000C47CC /* Covid inoculation centerUITests */ = {
			isa = PBXGroup;
			children = (
				304D161629123F30000C47CC /* Covid_inoculation_centerUITests.swift */,
				304D161829123F30000C47CC /* Covid_inoculation_centerUITestsLaunchTests.swift */,
			);
			path = "Covid inoculation centerUITests";
			sourceTree = "<group>";
		};
		304D163229123FF8000C47CC /* Sources */ = {
			isa = PBXGroup;
			children = (
				304D1638291241ED000C47CC /* Domain */,
				304D1637291241E0000C47CC /* Presentation */,
				304D1635291241CB000C47CC /* Data */,
				304D1636291241D6000C47CC /* Utils */,
			);
			path = Sources;
			sourceTree = "<group>";
		};
		304D163329124000000C47CC /* Resource */ = {
			isa = PBXGroup;
			children = (
				304D160029123F30000C47CC /* LaunchScreen.storyboard */,
				304D15FE29123F30000C47CC /* Assets.xcassets */,
			);
			path = Resource;
			sourceTree = "<group>";
		};
		304D16342912400A000C47CC /* Application */ = {
			isa = PBXGroup;
			children = (
				304D15F529123F2F000C47CC /* AppDelegate.swift */,
				304D15F729123F2F000C47CC /* SceneDelegate.swift */,
			);
			path = Application;
			sourceTree = "<group>";
		};
		304D1635291241CB000C47CC /* Data */ = {
			isa = PBXGroup;
			children = (
				3001BC68291252DD0069C2FD /* Respository */,
				3001BC4A291243E30069C2FD /* NetworkManager */,
			);
			path = Data;
			sourceTree = "<group>";
		};
		304D1636291241D6000C47CC /* Utils */ = {
			isa = PBXGroup;
			children = (
				3001BC542912453F0069C2FD /* Singletone */,
				3001BC51291245190069C2FD /* Extension */,
			);
			path = Utils;
			sourceTree = "<group>";
		};
		304D1637291241E0000C47CC /* Presentation */ = {
			isa = PBXGroup;
			children = (
			);
			path = Presentation;
			sourceTree = "<group>";
		};
		304D1638291241ED000C47CC /* Domain */ = {
			isa = PBXGroup;
			children = (
				3001BC6C291254100069C2FD /* UseCase */,
				3001BC6B291254060069C2FD /* Interfaces */,
				3001BC5D291249390069C2FD /* Entity */,
			);
			path = Domain;
			sourceTree = "<group>";
		};
/* End PBXGroup section */

/* Begin PBXNativeTarget section */
		304D15F129123F2F000C47CC /* Covid inoculation center */ = {
			isa = PBXNativeTarget;
			buildConfigurationList = 304D161C29123F30000C47CC /* Build configuration list for PBXNativeTarget "Covid inoculation center" */;
			buildPhases = (
				304D15EE29123F2F000C47CC /* Sources */,
				304D15EF29123F2F000C47CC /* Frameworks */,
				304D15F029123F2F000C47CC /* Resources */,
			);
			buildRules = (
			);
			dependencies = (
			);
			name = "Covid inoculation center";
			packageProductDependencies = (
				304D162B29123FB8000C47CC /* SnapKit */,
				304D162E29123FEC000C47CC /* RxCocoa */,
				304D163029123FEC000C47CC /* RxRelay */,
			);
			productName = "Covid inoculation center";
			productReference = 304D15F229123F2F000C47CC /* Covid inoculation center.app */;
			productType = "com.apple.product-type.application";
		};
		304D160729123F30000C47CC /* Covid inoculation centerTests */ = {
			isa = PBXNativeTarget;
			buildConfigurationList = 304D161F29123F30000C47CC /* Build configuration list for PBXNativeTarget "Covid inoculation centerTests" */;
			buildPhases = (
				304D160429123F30000C47CC /* Sources */,
				304D160529123F30000C47CC /* Frameworks */,
				304D160629123F30000C47CC /* Resources */,
			);
			buildRules = (
			);
			dependencies = (
				304D160A29123F30000C47CC /* PBXTargetDependency */,
			);
			name = "Covid inoculation centerTests";
			productName = "Covid inoculation centerTests";
			productReference = 304D160829123F30000C47CC /* Covid inoculation centerTests.xctest */;
			productType = "com.apple.product-type.bundle.unit-test";
		};
		304D161129123F30000C47CC /* Covid inoculation centerUITests */ = {
			isa = PBXNativeTarget;
			buildConfigurationList = 304D162229123F30000C47CC /* Build configuration list for PBXNativeTarget "Covid inoculation centerUITests" */;
			buildPhases = (
				304D160E29123F30000C47CC /* Sources */,
				304D160F29123F30000C47CC /* Frameworks */,
				304D161029123F30000C47CC /* Resources */,
			);
			buildRules = (
			);
			dependencies = (
				304D161429123F30000C47CC /* PBXTargetDependency */,
			);
			name = "Covid inoculation centerUITests";
			productName = "Covid inoculation centerUITests";
			productReference = 304D161229123F30000C47CC /* Covid inoculation centerUITests.xctest */;
			productType = "com.apple.product-type.bundle.ui-testing";
		};
/* End PBXNativeTarget section */

/* Begin PBXProject section */
		304D15EA29123F2F000C47CC /* Project object */ = {
			isa = PBXProject;
			attributes = {
				BuildIndependentTargetsInParallel = 1;
				LastSwiftUpdateCheck = 1400;
				LastUpgradeCheck = 1400;
				TargetAttributes = {
					304D15F129123F2F000C47CC = {
						CreatedOnToolsVersion = 14.0.1;
					};
					304D160729123F30000C47CC = {
						CreatedOnToolsVersion = 14.0.1;
						TestTargetID = 304D15F129123F2F000C47CC;
					};
					304D161129123F30000C47CC = {
						CreatedOnToolsVersion = 14.0.1;
						TestTargetID = 304D15F129123F2F000C47CC;
					};
				};
			};
			buildConfigurationList = 304D15ED29123F2F000C47CC /* Build configuration list for PBXProject "Covid inoculation center" */;
			compatibilityVersion = "Xcode 14.0";
			developmentRegion = en;
			hasScannedForEncodings = 0;
			knownRegions = (
				en,
				Base,
			);
			mainGroup = 304D15E929123F2F000C47CC;
			packageReferences = (
				304D162A29123FB8000C47CC /* XCRemoteSwiftPackageReference "SnapKit" */,
				304D162D29123FEC000C47CC /* XCRemoteSwiftPackageReference "RxSwift" */,
			);
			productRefGroup = 304D15F329123F2F000C47CC /* Products */;
			projectDirPath = "";
			projectRoot = "";
			targets = (
				304D15F129123F2F000C47CC /* Covid inoculation center */,
				304D160729123F30000C47CC /* Covid inoculation centerTests */,
				304D161129123F30000C47CC /* Covid inoculation centerUITests */,
			);
		};
/* End PBXProject section */

/* Begin PBXResourcesBuildPhase section */
		304D15F029123F2F000C47CC /* Resources */ = {
			isa = PBXResourcesBuildPhase;
			buildActionMask = 2147483647;
			files = (
				3001BC6329124CFF0069C2FD /* CovidInoculationCenterInfo.plist in Resources */,
				304D160229123F30000C47CC /* LaunchScreen.storyboard in Resources */,
				304D15FF29123F30000C47CC /* Assets.xcassets in Resources */,
			);
			runOnlyForDeploymentPostprocessing = 0;
		};
		304D160629123F30000C47CC /* Resources */ = {
			isa = PBXResourcesBuildPhase;
			buildActionMask = 2147483647;
			files = (
			);
			runOnlyForDeploymentPostprocessing = 0;
		};
		304D161029123F30000C47CC /* Resources */ = {
			isa = PBXResourcesBuildPhase;
			buildActionMask = 2147483647;
			files = (
			);
			runOnlyForDeploymentPostprocessing = 0;
		};
/* End PBXResourcesBuildPhase section */

/* Begin PBXSourcesBuildPhase section */
		304D15EE29123F2F000C47CC /* Sources */ = {
			isa = PBXSourcesBuildPhase;
			buildActionMask = 2147483647;
			files = (
				3001BC562912454B0069C2FD /* Json.swift in Sources */,
				3001BC532912452A0069C2FD /* Encodable+Sugar.swift in Sources */,
				3001BC6A291253160069C2FD /* CovidCinoculationCenterRepository.swift in Sources */,
				3001BC582912463F0069C2FD /* Endpoint.swift in Sources */,
				3001BC67291252040069C2FD /* NetworkManager.swift in Sources */,
				3001BC50291244D70069C2FD /* Requestable.swift in Sources */,
				3001BC6529124D880069C2FD /* Bundle+Sugar.swift in Sources */,
				304D15F629123F2F000C47CC /* AppDelegate.swift in Sources */,
				3001BC6E2912542C0069C2FD /* CovidInoculationCenterRepositoryProtocol.swift in Sources */,
				3001BC5A291246790069C2FD /* EndpointStrage.swift in Sources */,
				3001BC4E291244820069C2FD /* NetworkError.swift in Sources */,
				304D15F829123F2F000C47CC /* SceneDelegate.swift in Sources */,
				3001BC6129124B420069C2FD /* CenterRequest.swift in Sources */,
				3001BC5F291249460069C2FD /* CenterInformation.swift in Sources */,
				3001BC4C291244200069C2FD /* HTTPMethod.swift in Sources */,
			);
			runOnlyForDeploymentPostprocessing = 0;
		};
		304D160429123F30000C47CC /* Sources */ = {
			isa = PBXSourcesBuildPhase;
			buildActionMask = 2147483647;
			files = (
				304D160D29123F30000C47CC /* Covid_inoculation_centerTests.swift in Sources */,
			);
			runOnlyForDeploymentPostprocessing = 0;
		};
		304D160E29123F30000C47CC /* Sources */ = {
			isa = PBXSourcesBuildPhase;
			buildActionMask = 2147483647;
			files = (
				304D161729123F30000C47CC /* Covid_inoculation_centerUITests.swift in Sources */,
				304D161929123F30000C47CC /* Covid_inoculation_centerUITestsLaunchTests.swift in Sources */,
			);
			runOnlyForDeploymentPostprocessing = 0;
		};
/* End PBXSourcesBuildPhase section */

/* Begin PBXTargetDependency section */
		304D160A29123F30000C47CC /* PBXTargetDependency */ = {
			isa = PBXTargetDependency;
			target = 304D15F129123F2F000C47CC /* Covid inoculation center */;
			targetProxy = 304D160929123F30000C47CC /* PBXContainerItemProxy */;
		};
		304D161429123F30000C47CC /* PBXTargetDependency */ = {
			isa = PBXTargetDependency;
			target = 304D15F129123F2F000C47CC /* Covid inoculation center */;
			targetProxy = 304D161329123F30000C47CC /* PBXContainerItemProxy */;
		};
/* End PBXTargetDependency section */

/* Begin PBXVariantGroup section */
		304D160029123F30000C47CC /* LaunchScreen.storyboard */ = {
			isa = PBXVariantGroup;
			children = (
				304D160129123F30000C47CC /* Base */,
			);
			name = LaunchScreen.storyboard;
			sourceTree = "<group>";
		};
/* End PBXVariantGroup section */

/* Begin XCBuildConfiguration section */
		304D161A29123F30000C47CC /* Debug */ = {
			isa = XCBuildConfiguration;
			buildSettings = {
				ALWAYS_SEARCH_USER_PATHS = NO;
				CLANG_ANALYZER_NONNULL = YES;
				CLANG_ANALYZER_NUMBER_OBJECT_CONVERSION = YES_AGGRESSIVE;
				CLANG_CXX_LANGUAGE_STANDARD = "gnu++20";
				CLANG_ENABLE_MODULES = YES;
				CLANG_ENABLE_OBJC_ARC = YES;
				CLANG_ENABLE_OBJC_WEAK = YES;
				CLANG_WARN_BLOCK_CAPTURE_AUTORELEASING = YES;
				CLANG_WARN_BOOL_CONVERSION = YES;
				CLANG_WARN_COMMA = YES;
				CLANG_WARN_CONSTANT_CONVERSION = YES;
				CLANG_WARN_DEPRECATED_OBJC_IMPLEMENTATIONS = YES;
				CLANG_WARN_DIRECT_OBJC_ISA_USAGE = YES_ERROR;
				CLANG_WARN_DOCUMENTATION_COMMENTS = YES;
				CLANG_WARN_EMPTY_BODY = YES;
				CLANG_WARN_ENUM_CONVERSION = YES;
				CLANG_WARN_INFINITE_RECURSION = YES;
				CLANG_WARN_INT_CONVERSION = YES;
				CLANG_WARN_NON_LITERAL_NULL_CONVERSION = YES;
				CLANG_WARN_OBJC_IMPLICIT_RETAIN_SELF = YES;
				CLANG_WARN_OBJC_LITERAL_CONVERSION = YES;
				CLANG_WARN_OBJC_ROOT_CLASS = YES_ERROR;
				CLANG_WARN_QUOTED_INCLUDE_IN_FRAMEWORK_HEADER = YES;
				CLANG_WARN_RANGE_LOOP_ANALYSIS = YES;
				CLANG_WARN_STRICT_PROTOTYPES = YES;
				CLANG_WARN_SUSPICIOUS_MOVE = YES;
				CLANG_WARN_UNGUARDED_AVAILABILITY = YES_AGGRESSIVE;
				CLANG_WARN_UNREACHABLE_CODE = YES;
				CLANG_WARN__DUPLICATE_METHOD_MATCH = YES;
				COPY_PHASE_STRIP = NO;
				DEBUG_INFORMATION_FORMAT = dwarf;
				ENABLE_STRICT_OBJC_MSGSEND = YES;
				ENABLE_TESTABILITY = YES;
				GCC_C_LANGUAGE_STANDARD = gnu11;
				GCC_DYNAMIC_NO_PIC = NO;
				GCC_NO_COMMON_BLOCKS = YES;
				GCC_OPTIMIZATION_LEVEL = 0;
				GCC_PREPROCESSOR_DEFINITIONS = (
					"DEBUG=1",
					"$(inherited)",
				);
				GCC_WARN_64_TO_32_BIT_CONVERSION = YES;
				GCC_WARN_ABOUT_RETURN_TYPE = YES_ERROR;
				GCC_WARN_UNDECLARED_SELECTOR = YES;
				GCC_WARN_UNINITIALIZED_AUTOS = YES_AGGRESSIVE;
				GCC_WARN_UNUSED_FUNCTION = YES;
				GCC_WARN_UNUSED_VARIABLE = YES;
				IPHONEOS_DEPLOYMENT_TARGET = 16.0;
				MTL_ENABLE_DEBUG_INFO = INCLUDE_SOURCE;
				MTL_FAST_MATH = YES;
				ONLY_ACTIVE_ARCH = YES;
				SDKROOT = iphoneos;
				SWIFT_ACTIVE_COMPILATION_CONDITIONS = DEBUG;
				SWIFT_OPTIMIZATION_LEVEL = "-Onone";
			};
			name = Debug;
		};
		304D161B29123F30000C47CC /* Release */ = {
			isa = XCBuildConfiguration;
			buildSettings = {
				ALWAYS_SEARCH_USER_PATHS = NO;
				CLANG_ANALYZER_NONNULL = YES;
				CLANG_ANALYZER_NUMBER_OBJECT_CONVERSION = YES_AGGRESSIVE;
				CLANG_CXX_LANGUAGE_STANDARD = "gnu++20";
				CLANG_ENABLE_MODULES = YES;
				CLANG_ENABLE_OBJC_ARC = YES;
				CLANG_ENABLE_OBJC_WEAK = YES;
				CLANG_WARN_BLOCK_CAPTURE_AUTORELEASING = YES;
				CLANG_WARN_BOOL_CONVERSION = YES;
				CLANG_WARN_COMMA = YES;
				CLANG_WARN_CONSTANT_CONVERSION = YES;
				CLANG_WARN_DEPRECATED_OBJC_IMPLEMENTATIONS = YES;
				CLANG_WARN_DIRECT_OBJC_ISA_USAGE = YES_ERROR;
				CLANG_WARN_DOCUMENTATION_COMMENTS = YES;
				CLANG_WARN_EMPTY_BODY = YES;
				CLANG_WARN_ENUM_CONVERSION = YES;
				CLANG_WARN_INFINITE_RECURSION = YES;
				CLANG_WARN_INT_CONVERSION = YES;
				CLANG_WARN_NON_LITERAL_NULL_CONVERSION = YES;
				CLANG_WARN_OBJC_IMPLICIT_RETAIN_SELF = YES;
				CLANG_WARN_OBJC_LITERAL_CONVERSION = YES;
				CLANG_WARN_OBJC_ROOT_CLASS = YES_ERROR;
				CLANG_WARN_QUOTED_INCLUDE_IN_FRAMEWORK_HEADER = YES;
				CLANG_WARN_RANGE_LOOP_ANALYSIS = YES;
				CLANG_WARN_STRICT_PROTOTYPES = YES;
				CLANG_WARN_SUSPICIOUS_MOVE = YES;
				CLANG_WARN_UNGUARDED_AVAILABILITY = YES_AGGRESSIVE;
				CLANG_WARN_UNREACHABLE_CODE = YES;
				CLANG_WARN__DUPLICATE_METHOD_MATCH = YES;
				COPY_PHASE_STRIP = NO;
				DEBUG_INFORMATION_FORMAT = "dwarf-with-dsym";
				ENABLE_NS_ASSERTIONS = NO;
				ENABLE_STRICT_OBJC_MSGSEND = YES;
				GCC_C_LANGUAGE_STANDARD = gnu11;
				GCC_NO_COMMON_BLOCKS = YES;
				GCC_WARN_64_TO_32_BIT_CONVERSION = YES;
				GCC_WARN_ABOUT_RETURN_TYPE = YES_ERROR;
				GCC_WARN_UNDECLARED_SELECTOR = YES;
				GCC_WARN_UNINITIALIZED_AUTOS = YES_AGGRESSIVE;
				GCC_WARN_UNUSED_FUNCTION = YES;
				GCC_WARN_UNUSED_VARIABLE = YES;
				IPHONEOS_DEPLOYMENT_TARGET = 16.0;
				MTL_ENABLE_DEBUG_INFO = NO;
				MTL_FAST_MATH = YES;
				SDKROOT = iphoneos;
				SWIFT_COMPILATION_MODE = wholemodule;
				SWIFT_OPTIMIZATION_LEVEL = "-O";
				VALIDATE_PRODUCT = YES;
			};
			name = Release;
		};
		304D161D29123F30000C47CC /* Debug */ = {
			isa = XCBuildConfiguration;
			buildSettings = {
				ASSETCATALOG_COMPILER_APPICON_NAME = AppIcon;
				ASSETCATALOG_COMPILER_GLOBAL_ACCENT_COLOR_NAME = AccentColor;
				CODE_SIGN_STYLE = Automatic;
				CURRENT_PROJECT_VERSION = 1;
				GENERATE_INFOPLIST_FILE = YES;
				INFOPLIST_FILE = "Covid inoculation center/Info.plist";
				INFOPLIST_KEY_UIApplicationSupportsIndirectInputEvents = YES;
				INFOPLIST_KEY_UILaunchStoryboardName = LaunchScreen;
				INFOPLIST_KEY_UISupportedInterfaceOrientations_iPad = "UIInterfaceOrientationPortrait UIInterfaceOrientationPortraitUpsideDown UIInterfaceOrientationLandscapeLeft UIInterfaceOrientationLandscapeRight";
				INFOPLIST_KEY_UISupportedInterfaceOrientations_iPhone = "UIInterfaceOrientationPortrait UIInterfaceOrientationLandscapeLeft UIInterfaceOrientationLandscapeRight";
				LD_RUNPATH_SEARCH_PATHS = (
					"$(inherited)",
					"@executable_path/Frameworks",
				);
				MARKETING_VERSION = 1.0;
				PRODUCT_BUNDLE_IDENTIFIER = "malrang.Covid-inoculation-center";
				PRODUCT_NAME = "$(TARGET_NAME)";
				SWIFT_EMIT_LOC_STRINGS = YES;
				SWIFT_VERSION = 5.0;
				TARGETED_DEVICE_FAMILY = "1,2";
			};
			name = Debug;
		};
		304D161E29123F30000C47CC /* Release */ = {
			isa = XCBuildConfiguration;
			buildSettings = {
				ASSETCATALOG_COMPILER_APPICON_NAME = AppIcon;
				ASSETCATALOG_COMPILER_GLOBAL_ACCENT_COLOR_NAME = AccentColor;
				CODE_SIGN_STYLE = Automatic;
				CURRENT_PROJECT_VERSION = 1;
				GENERATE_INFOPLIST_FILE = YES;
				INFOPLIST_FILE = "Covid inoculation center/Info.plist";
				INFOPLIST_KEY_UIApplicationSupportsIndirectInputEvents = YES;
				INFOPLIST_KEY_UILaunchStoryboardName = LaunchScreen;
				INFOPLIST_KEY_UISupportedInterfaceOrientations_iPad = "UIInterfaceOrientationPortrait UIInterfaceOrientationPortraitUpsideDown UIInterfaceOrientationLandscapeLeft UIInterfaceOrientationLandscapeRight";
				INFOPLIST_KEY_UISupportedInterfaceOrientations_iPhone = "UIInterfaceOrientationPortrait UIInterfaceOrientationLandscapeLeft UIInterfaceOrientationLandscapeRight";
				LD_RUNPATH_SEARCH_PATHS = (
					"$(inherited)",
					"@executable_path/Frameworks",
				);
				MARKETING_VERSION = 1.0;
				PRODUCT_BUNDLE_IDENTIFIER = "malrang.Covid-inoculation-center";
				PRODUCT_NAME = "$(TARGET_NAME)";
				SWIFT_EMIT_LOC_STRINGS = YES;
				SWIFT_VERSION = 5.0;
				TARGETED_DEVICE_FAMILY = "1,2";
			};
			name = Release;
		};
		304D162029123F30000C47CC /* Debug */ = {
			isa = XCBuildConfiguration;
			buildSettings = {
				ALWAYS_EMBED_SWIFT_STANDARD_LIBRARIES = YES;
				BUNDLE_LOADER = "$(TEST_HOST)";
				CODE_SIGN_STYLE = Automatic;
				CURRENT_PROJECT_VERSION = 1;
				GENERATE_INFOPLIST_FILE = YES;
				IPHONEOS_DEPLOYMENT_TARGET = 16.0;
				MARKETING_VERSION = 1.0;
				PRODUCT_BUNDLE_IDENTIFIER = "malrang.Covid-inoculation-centerTests";
				PRODUCT_NAME = "$(TARGET_NAME)";
				SWIFT_EMIT_LOC_STRINGS = NO;
				SWIFT_VERSION = 5.0;
				TARGETED_DEVICE_FAMILY = "1,2";
				TEST_HOST = "$(BUILT_PRODUCTS_DIR)/Covid inoculation center.app/$(BUNDLE_EXECUTABLE_FOLDER_PATH)/Covid inoculation center";
			};
			name = Debug;
		};
		304D162129123F30000C47CC /* Release */ = {
			isa = XCBuildConfiguration;
			buildSettings = {
				ALWAYS_EMBED_SWIFT_STANDARD_LIBRARIES = YES;
				BUNDLE_LOADER = "$(TEST_HOST)";
				CODE_SIGN_STYLE = Automatic;
				CURRENT_PROJECT_VERSION = 1;
				GENERATE_INFOPLIST_FILE = YES;
				IPHONEOS_DEPLOYMENT_TARGET = 16.0;
				MARKETING_VERSION = 1.0;
				PRODUCT_BUNDLE_IDENTIFIER = "malrang.Covid-inoculation-centerTests";
				PRODUCT_NAME = "$(TARGET_NAME)";
				SWIFT_EMIT_LOC_STRINGS = NO;
				SWIFT_VERSION = 5.0;
				TARGETED_DEVICE_FAMILY = "1,2";
				TEST_HOST = "$(BUILT_PRODUCTS_DIR)/Covid inoculation center.app/$(BUNDLE_EXECUTABLE_FOLDER_PATH)/Covid inoculation center";
			};
			name = Release;
		};
		304D162329123F30000C47CC /* Debug */ = {
			isa = XCBuildConfiguration;
			buildSettings = {
				ALWAYS_EMBED_SWIFT_STANDARD_LIBRARIES = YES;
				CODE_SIGN_STYLE = Automatic;
				CURRENT_PROJECT_VERSION = 1;
				GENERATE_INFOPLIST_FILE = YES;
				MARKETING_VERSION = 1.0;
				PRODUCT_BUNDLE_IDENTIFIER = "malrang.Covid-inoculation-centerUITests";
				PRODUCT_NAME = "$(TARGET_NAME)";
				SWIFT_EMIT_LOC_STRINGS = NO;
				SWIFT_VERSION = 5.0;
				TARGETED_DEVICE_FAMILY = "1,2";
				TEST_TARGET_NAME = "Covid inoculation center";
			};
			name = Debug;
		};
		304D162429123F30000C47CC /* Release */ = {
			isa = XCBuildConfiguration;
			buildSettings = {
				ALWAYS_EMBED_SWIFT_STANDARD_LIBRARIES = YES;
				CODE_SIGN_STYLE = Automatic;
				CURRENT_PROJECT_VERSION = 1;
				GENERATE_INFOPLIST_FILE = YES;
				MARKETING_VERSION = 1.0;
				PRODUCT_BUNDLE_IDENTIFIER = "malrang.Covid-inoculation-centerUITests";
				PRODUCT_NAME = "$(TARGET_NAME)";
				SWIFT_EMIT_LOC_STRINGS = NO;
				SWIFT_VERSION = 5.0;
				TARGETED_DEVICE_FAMILY = "1,2";
				TEST_TARGET_NAME = "Covid inoculation center";
			};
			name = Release;
		};
/* End XCBuildConfiguration section */

/* Begin XCConfigurationList section */
		304D15ED29123F2F000C47CC /* Build configuration list for PBXProject "Covid inoculation center" */ = {
			isa = XCConfigurationList;
			buildConfigurations = (
				304D161A29123F30000C47CC /* Debug */,
				304D161B29123F30000C47CC /* Release */,
			);
			defaultConfigurationIsVisible = 0;
			defaultConfigurationName = Release;
		};
		304D161C29123F30000C47CC /* Build configuration list for PBXNativeTarget "Covid inoculation center" */ = {
			isa = XCConfigurationList;
			buildConfigurations = (
				304D161D29123F30000C47CC /* Debug */,
				304D161E29123F30000C47CC /* Release */,
			);
			defaultConfigurationIsVisible = 0;
			defaultConfigurationName = Release;
		};
		304D161F29123F30000C47CC /* Build configuration list for PBXNativeTarget "Covid inoculation centerTests" */ = {
			isa = XCConfigurationList;
			buildConfigurations = (
				304D162029123F30000C47CC /* Debug */,
				304D162129123F30000C47CC /* Release */,
			);
			defaultConfigurationIsVisible = 0;
			defaultConfigurationName = Release;
		};
		304D162229123F30000C47CC /* Build configuration list for PBXNativeTarget "Covid inoculation centerUITests" */ = {
			isa = XCConfigurationList;
			buildConfigurations = (
				304D162329123F30000C47CC /* Debug */,
				304D162429123F30000C47CC /* Release */,
			);
			defaultConfigurationIsVisible = 0;
			defaultConfigurationName = Release;
		};
/* End XCConfigurationList section */

/* Begin XCRemoteSwiftPackageReference section */
		304D162A29123FB8000C47CC /* XCRemoteSwiftPackageReference "SnapKit" */ = {
			isa = XCRemoteSwiftPackageReference;
			repositoryURL = "https://github.com/SnapKit/SnapKit.git";
			requirement = {
				branch = develop;
				kind = branch;
			};
		};
		304D162D29123FEC000C47CC /* XCRemoteSwiftPackageReference "RxSwift" */ = {
			isa = XCRemoteSwiftPackageReference;
			repositoryURL = "https://github.com/ReactiveX/RxSwift";
			requirement = {
				branch = main;
				kind = branch;
			};
		};
/* End XCRemoteSwiftPackageReference section */

/* Begin XCSwiftPackageProductDependency section */
		304D162B29123FB8000C47CC /* SnapKit */ = {
			isa = XCSwiftPackageProductDependency;
			package = 304D162A29123FB8000C47CC /* XCRemoteSwiftPackageReference "SnapKit" */;
			productName = SnapKit;
		};
		304D162E29123FEC000C47CC /* RxCocoa */ = {
			isa = XCSwiftPackageProductDependency;
			package = 304D162D29123FEC000C47CC /* XCRemoteSwiftPackageReference "RxSwift" */;
			productName = RxCocoa;
		};
		304D163029123FEC000C47CC /* RxRelay */ = {
			isa = XCSwiftPackageProductDependency;
			package = 304D162D29123FEC000C47CC /* XCRemoteSwiftPackageReference "RxSwift" */;
			productName = RxRelay;
		};
/* End XCSwiftPackageProductDependency section */
	};
	rootObject = 304D15EA29123F2F000C47CC /* Project object */;
}
